---
lockfileVersion: '9.0'

importers:

  .:
    configDependencies: {}
    packageManagerDependencies:
      '@pnpm/exe':
        specifier: 10.33.2
        version: 10.33.2
      pnpm:
        specifier: 10.33.2
        version: 10.33.2

packages:

  '@pnpm/exe@10.33.2':
    resolution: {integrity: sha512-jMTAKcTBptqD6xsm0oyF2q4S5zlhvVm70uwfmkfNED3S5V3vr6JRykV/xwt1qKd5ChLMONquKemNuVSrmUvx1w==}
    hasBin: true

  '@pnpm/linux-arm64@10.33.2':
    resolution: {integrity: sha512-t7riiqXKzj3r2hy3SVkwiHnJB/9ussTLnSqA/6h9x5zuLlj9LZB3wla96hZDem2+wsLQ4xsMMVyZ1Rn1BGsH7w==}
    cpu: [arm64]
    os: [linux]
    hasBin: true

  '@pnpm/linux-x64@10.33.2':
    resolution: {integrity: sha512-tWwfiXIvZwnnsNR0GJj2DWSWW5UsJCq+zd62LrGiB9IBT5e/oPDPo1uV88UGpfJGNNHexGQuczi4oYocnTkZNA==}
    cpu: [x64]
    os: [linux]
    hasBin: true

  '@pnpm/macos-arm64@10.33.2':
    resolution: {integrity: sha512-4Gp5kO+sZBtmUScajoodNu8id58b6K3iNeChyKYrmiTc4EmAAcAFcwbXty0gTs5/GJaWtgT9NOuhDzx1e33eiw==}
    cpu: [arm64]
    os: [darwin]
    hasBin: true

  '@pnpm/macos-x64@10.33.2':
    resolution: {integrity: sha512-en+5m6ygIik49Nbj1V+CUf7tzLWadnxpjVJiM/POd+P0JovR7sodlu93oHEOze/T2vunHhjTpnGk+qsafM5kuw==}
    cpu: [x64]
    os: [darwin]
    hasBin: true

  '@pnpm/win-arm64@10.33.2':
    resolution: {integrity: sha512-ZJQaXG20k4efIFcITv53pyGk+0E13vBHbhdqcIZeF4Euw7iUNwb4F2ID4hnTW82NrvaI1woeS5cIPJSCrFpsxQ==}
    cpu: [arm64]
    os: [win32]
    hasBin: true

  '@pnpm/win-x64@10.33.2':
    resolution: {integrity: sha512-A2zrjz2Ii/wdHBh83fMT6MtJ1WFSbQEDD9RCBVnC60fRcWda4+M2UoIDvwSiq+eTRRGj29ljFIE2FWzEDEQdbA==}
    cpu: [x64]
    os: [win32]
    hasBin: true

  pnpm@10.33.2:
    resolution: {integrity: sha512-qQ+vb+6rca1sblf5Tg/hoS9dzCLNdU20CulZPraj4LaxLjVAIYuzeuCDQEsfLObbKkEh6XmCm0r/lLmfSdoc+A==}
    engines: {node: '>=18.12'}
    hasBin: true

snapshots:

  '@pnpm/exe@10.33.2':
    optionalDependencies:
      '@pnpm/linux-arm64': 10.33.2
      '@pnpm/linux-x64': 10.33.2
      '@pnpm/macos-arm64': 10.33.2
      '@pnpm/macos-x64': 10.33.2
      '@pnpm/win-arm64': 10.33.2
      '@pnpm/win-x64': 10.33.2

  '@pnpm/linux-arm64@10.33.2':
    optional: true

  '@pnpm/linux-x64@10.33.2':
    optional: true

  '@pnpm/macos-arm64@10.33.2':
    optional: true

  '@pnpm/macos-x64@10.33.2':
    optional: true

  '@pnpm/win-arm64@10.33.2':
    optional: true

  '@pnpm/win-x64@10.33.2':
    optional: true

  pnpm@10.33.2: {}

---
