{
  "name": "@react-router-modules/runtime",
  "version": "2.2.0",
  "lockfileVersion": 3,
  "requires": true,
  "packages": {
    "": {
      "name": "@react-router-modules/runtime",
      "version": "2.2.0",
      "devDependencies": {
        "@modular-react/core": "^1.0.0",
        "@modular-react/react": "^1.0.0",
        "@react-router-modules/core": "^2.0.0",
        "@testing-library/react": "^16.0.0",
        "@types/react": "^19.0.0",
        "@types/react-dom": "^19.0.0",
        "happy-dom": "^18.0.0",
        "react": "^19.0.0",
        "react-dom": "^19.0.0",
        "react-router": "^7.6.0",
        "typescript": "^6.0.2",
        "vite": "^8.0.3",
        "vite-plugin-dts": "^4.5.0",
        "vitest": "^4.1.0",
        "zustand": "^5.0.0"
      },
      "peerDependencies": {
        "@modular-react/core": "^1.0.1",
        "@modular-react/react": "^1.0.0",
        "@react-router-modules/core": "^2.0.0",
        "react": "^19.0.0",
        "react-dom": "^19.0.0",
        "react-router": "^7.6.0",
        "zustand": "^5.0.0"
      }
    },
    "../../node_modules/.pnpm/@modular-react+core@1.0.2_@types+react@19.2.14/node_modules/@modular-react/core": {
      "version": "1.0.2",
      "dev": true,
      "devDependencies": {
        "@types/react": "^19.0.0",
        "oxfmt": "^0.43.0",
        "oxlint": "^1.58.0",
        "typescript": "^6.0.2",
        "vite": "^8.0.3",
        "vite-plugin-dts": "^4.5.0",
        "vitest": "^4.1.0"
      },
      "peerDependencies": {
        "@types/react": "^19.0.0"
      },
      "peerDependenciesMeta": {
        "@types/react": {
          "optional": true
        }
      }
    },
    "../../node_modules/.pnpm/@react-router-modules+core@_349e8a126a42c189775b3af61f53fcdb/node_modules/@react-router-modules/core": {
      "version": "2.0.1",
      "dev": true,
      "devDependencies": {
        "@modular-react/core": "*",
        "@types/react": "^19.0.0",
        "react": "^19.0.0",
        "react-router": "^7.6.0",
        "typescript": "^6.0.2",
        "vite": "^8.0.3",
        "vite-plugin-dts": "^4.5.0",
        "vitest": "^4.1.0",
        "zustand": "^5.0.0"
      },
      "peerDependencies": {
        "@modular-react/core": "^1.0.0",
        "react": "^19.0.0",
        "react-router": "^7.6.0",
        "zustand": "^5.0.0"
      }
    },
    "../../node_modules/.pnpm/@testing-library+react@16.3_893f466751a7d66081fd06e9edb9241a/node_modules/@testing-library/react": {
      "version": "16.3.2",
      "dev": true,
      "license": "MIT",
      "dependencies": {
        "@babel/runtime": "^7.12.5"
      },
      "devDependencies": {
        "@testing-library/dom": "^10.0.0",
        "@testing-library/jest-dom": "^5.11.6",
        "@types/react": "^19.0.0",
        "@types/react-dom": "^19.0.0",
        "chalk": "^4.1.2",
        "dotenv-cli": "^4.0.0",
        "jest-diff": "^29.7.0",
        "kcd-scripts": "^13.0.0",
        "npm-run-all2": "^6.2.6",
        "react": "^19.0.0",
        "react-dom": "^19.0.0",
        "rimraf": "^3.0.2",
        "typescript": "^5.9.3"
      },
      "engines": {
        "node": ">=18"
      },
      "peerDependencies": {
        "@testing-library/dom": "^10.0.0",
        "@types/react": "^18.0.0 || ^19.0.0",
        "@types/react-dom": "^18.0.0 || ^19.0.0",
        "react": "^18.0.0 || ^19.0.0",
        "react-dom": "^18.0.0 || ^19.0.0"
      },
      "peerDependenciesMeta": {
        "@types/react": {
          "optional": true
        },
        "@types/react-dom": {
          "optional": true
        }
      }
    },
    "../../node_modules/.pnpm/@types+react-dom@19.2.3_@types+react@19.2.14/node_modules/@types/react-dom": {
      "version": "19.2.3",
      "dev": true,
      "license": "MIT",
      "peerDependencies": {
        "@types/react": "^19.2.0"
      }
    },
    "../../node_modules/.pnpm/@types+react@19.2.14/node_modules/@types/react": {
      "version": "19.2.14",
      "dev": true,
      "license": "MIT",
      "dependencies": {
        "csstype": "^3.2.2"
      }
    },
    "../../node_modules/.pnpm/happy-dom@18.0.1/node_modules/happy-dom": {
      "version": "18.0.1",
      "dev": true,
      "license": "MIT",
      "dependencies": {
        "@types/node": "^20.0.0",
        "@types/whatwg-mimetype": "^3.0.2",
        "whatwg-mimetype": "^3.0.0"
      },
      "devDependencies": {
        "@vitest/ui": "^3.2.3",
        "@webref/css": "6.6.2",
        "typescript": "^5.8.3",
        "vitest": "^3.2.2"
      },
      "engines": {
        "node": ">=20.0.0"
      }
    },
    "../../node_modules/.pnpm/oxfmt@0.43.0/node_modules/oxfmt": {
      "version": "0.43.0",
      "dev": true,
      "license": "MIT",
      "dependencies": {
        "tinypool": "2.1.0"
      },
      "bin": {
        "oxfmt": "bin/oxfmt"
      },
      "engines": {
        "node": "^20.19.0 || >=22.12.0"
      },
      "funding": {
        "url": "https://github.com/sponsors/Boshen"
      },
      "optionalDependencies": {
        "@oxfmt/binding-android-arm-eabi": "0.43.0",
        "@oxfmt/binding-android-arm64": "0.43.0",
        "@oxfmt/binding-darwin-arm64": "0.43.0",
        "@oxfmt/binding-darwin-x64": "0.43.0",
        "@oxfmt/binding-freebsd-x64": "0.43.0",
        "@oxfmt/binding-linux-arm-gnueabihf": "0.43.0",
        "@oxfmt/binding-linux-arm-musleabihf": "0.43.0",
        "@oxfmt/binding-linux-arm64-gnu": "0.43.0",
        "@oxfmt/binding-linux-arm64-musl": "0.43.0",
        "@oxfmt/binding-linux-ppc64-gnu": "0.43.0",
        "@oxfmt/binding-linux-riscv64-gnu": "0.43.0",
        "@oxfmt/binding-linux-riscv64-musl": "0.43.0",
        "@oxfmt/binding-linux-s390x-gnu": "0.43.0",
        "@oxfmt/binding-linux-x64-gnu": "0.43.0",
        "@oxfmt/binding-linux-x64-musl": "0.43.0",
        "@oxfmt/binding-openharmony-arm64": "0.43.0",
        "@oxfmt/binding-win32-arm64-msvc": "0.43.0",
        "@oxfmt/binding-win32-ia32-msvc": "0.43.0",
        "@oxfmt/binding-win32-x64-msvc": "0.43.0"
      }
    },
    "../../node_modules/.pnpm/oxlint@1.58.0/node_modules/oxlint": {
      "version": "1.58.0",
      "dev": true,
      "license": "MIT",
      "bin": {
        "oxlint": "bin/oxlint"
      },
      "engines": {
        "node": "^20.19.0 || >=22.12.0"
      },
      "funding": {
        "url": "https://github.com/sponsors/Boshen"
      },
      "optionalDependencies": {
        "@oxlint/binding-android-arm-eabi": "1.58.0",
        "@oxlint/binding-android-arm64": "1.58.0",
        "@oxlint/binding-darwin-arm64": "1.58.0",
        "@oxlint/binding-darwin-x64": "1.58.0",
        "@oxlint/binding-freebsd-x64": "1.58.0",
        "@oxlint/binding-linux-arm-gnueabihf": "1.58.0",
        "@oxlint/binding-linux-arm-musleabihf": "1.58.0",
        "@oxlint/binding-linux-arm64-gnu": "1.58.0",
        "@oxlint/binding-linux-arm64-musl": "1.58.0",
        "@oxlint/binding-linux-ppc64-gnu": "1.58.0",
        "@oxlint/binding-linux-riscv64-gnu": "1.58.0",
        "@oxlint/binding-linux-riscv64-musl": "1.58.0",
        "@oxlint/binding-linux-s390x-gnu": "1.58.0",
        "@oxlint/binding-linux-x64-gnu": "1.58.0",
        "@oxlint/binding-linux-x64-musl": "1.58.0",
        "@oxlint/binding-openharmony-arm64": "1.58.0",
        "@oxlint/binding-win32-arm64-msvc": "1.58.0",
        "@oxlint/binding-win32-ia32-msvc": "1.58.0",
        "@oxlint/binding-win32-x64-msvc": "1.58.0"
      },
      "peerDependencies": {
        "oxlint-tsgolint": ">=0.18.0"
      },
      "peerDependenciesMeta": {
        "oxlint-tsgolint": {
          "optional": true
        }
      }
    },
    "../../node_modules/.pnpm/react-dom@19.2.4_react@19.2.4/node_modules/react-dom": {
      "version": "19.2.4",
      "dev": true,
      "license": "MIT",
      "dependencies": {
        "scheduler": "^0.27.0"
      },
      "peerDependencies": {
        "react": "^19.2.4"
      }
    },
    "../../node_modules/.pnpm/react-router@7.14.0_react-d_a34f6db480c681a06c552b25edc3edee/node_modules/react-router": {
      "version": "7.14.0",
      "dev": true,
      "license": "MIT",
      "dependencies": {
        "cookie": "^1.0.1",
        "set-cookie-parser": "^2.6.0"
      },
      "devDependencies": {
        "@testing-library/jest-dom": "^6.6.3",
        "@testing-library/react": "^16.3.0",
        "@testing-library/user-event": "^14.6.1",
        "@types/set-cookie-parser": "^2.4.1",
        "jest-environment-jsdom": "^29.6.2",
        "premove": "^4.0.0",
        "react": "^19.2.3",
        "react-dom": "^19.2.3",
        "react-test-renderer": "^19.1.0",
        "tsup": "^8.3.0",
        "typescript": "^5.4.5",
        "undici": "^6.19.2",
        "wireit": "0.14.9"
      },
      "engines": {
        "node": ">=20.0.0"
      },
      "peerDependencies": {
        "react": ">=18",
        "react-dom": ">=18"
      },
      "peerDependenciesMeta": {
        "react-dom": {
          "optional": true
        }
      }
    },
    "../../node_modules/.pnpm/react@19.2.4/node_modules/react": {
      "version": "19.2.4",
      "dev": true,
      "license": "MIT",
      "engines": {
        "node": ">=0.10.0"
      }
    },
    "../../node_modules/.pnpm/typescript@6.0.2/node_modules/typescript": {
      "version": "6.0.2",
      "dev": true,
      "license": "Apache-2.0",
      "bin": {
        "tsc": "bin/tsc",
        "tsserver": "bin/tsserver"
      },
      "devDependencies": {
        "@dprint/formatter": "^0.4.1",
        "@dprint/typescript": "0.93.4",
        "@esfx/canceltoken": "^1.0.0",
        "@eslint/js": "^10.0.1",
        "@octokit/rest": "^22.0.1",
        "@types/chai": "^4.3.20",
        "@types/minimist": "^1.2.5",
        "@types/mocha": "^10.0.10",
        "@types/ms": "^2.1.0",
        "@types/node": "latest",
        "@types/source-map-support": "^0.5.10",
        "@types/which": "^3.0.4",
        "@typescript-eslint/rule-tester": "^8.56.1",
        "@typescript-eslint/type-utils": "^8.56.1",
        "@typescript-eslint/utils": "^8.56.1",
        "azure-devops-node-api": "^15.1.3",
        "c8": "^10.1.3",
        "chai": "^4.5.0",
        "chokidar": "^4.0.3",
        "diff": "^8.0.3",
        "dprint": "^0.49.1",
        "esbuild": "^0.27.3",
        "eslint": "^10.0.2",
        "eslint-plugin-regexp": "^3.0.0",
        "fast-xml-parser": "^5.4.1",
        "glob": "^10.5.0",
        "globals": "^17.4.0",
        "hereby": "^1.12.0",
        "jsonc-parser": "^3.3.1",
        "knip": "^5.85.0",
        "minimist": "^1.2.8",
        "mocha": "^10.8.2",
        "mocha-fivemat-progress-reporter": "^0.1.0",
        "monocart-coverage-reports": "^2.12.9",
        "ms": "^2.1.3",
        "picocolors": "^1.1.1",
        "playwright": "^1.58.2",
        "source-map-support": "^0.5.21",
        "tslib": "^2.8.1",
        "typescript": "^5.9.3",
        "typescript-eslint": "^8.56.1",
        "which": "^3.0.1"
      },
      "engines": {
        "node": ">=14.17"
      }
    },
    "../../node_modules/.pnpm/vite-plugin-dts@4.5.4_@type_a435cd1a6fb552eb8fb9519d399bdf81/node_modules/vite-plugin-dts": {
      "version": "4.5.4",
      "dev": true,
      "license": "MIT",
      "dependencies": {
        "@microsoft/api-extractor": "^7.50.1",
        "@rollup/pluginutils": "^5.1.4",
        "@volar/typescript": "^2.4.11",
        "@vue/language-core": "2.2.0",
        "compare-versions": "^6.1.1",
        "debug": "^4.4.0",
        "kolorist": "^1.8.0",
        "local-pkg": "^1.0.0",
        "magic-string": "^0.30.17"
      },
      "devDependencies": {
        "@commitlint/cli": "^19.7.1",
        "@types/debug": "^4.1.12",
        "@types/minimist": "^1.2.5",
        "@types/node": "^22.13.5",
        "@types/prompts": "^2.4.9",
        "@types/semver": "^7.5.8",
        "@vexip-ui/commitlint-config": "^0.5.0",
        "@vexip-ui/eslint-config": "^0.12.1",
        "@vexip-ui/prettier-config": "^1.0.0",
        "@vexip-ui/scripts": "^1.2.0",
        "@vue/eslint-config-standard": "^8.0.1",
        "@vue/eslint-config-typescript": "^13.0.0",
        "conventional-changelog-cli": "^5.0.0",
        "eslint": "^8.57.0",
        "execa": "^9.5.2",
        "husky": "^9.1.7",
        "is-ci": "^4.1.0",
        "lint-staged": "^15.4.3",
        "minimist": "^1.2.8",
        "pinst": "^3.0.0",
        "prettier": "^3.5.2",
        "pretty-quick": "^4.0.0",
        "prompts": "^2.4.2",
        "rimraf": "^6.0.1",
        "semver": "^7.7.1",
        "tsx": "^4.19.3",
        "typescript": "5.7.3",
        "unbuild": "^3.3.1",
        "vite": "^6.2.0",
        "vitest": "^3.0.7"
      },
      "peerDependencies": {
        "typescript": "*",
        "vite": "*"
      },
      "peerDependenciesMeta": {
        "vite": {
          "optional": true
        }
      }
    },
    "../../node_modules/.pnpm/vite@8.0.3_@emnapi+core@1.9_1dfb3ba2f1dd8efade3e22b31fa4dc15/node_modules/vite": {
      "version": "8.0.3",
      "dev": true,
      "license": "MIT",
      "dependencies": {
        "lightningcss": "^1.32.0",
        "picomatch": "^4.0.4",
        "postcss": "^8.5.8",
        "rolldown": "1.0.0-rc.12",
        "tinyglobby": "^0.2.15"
      },
      "bin": {
        "vite": "bin/vite.js"
      },
      "devDependencies": {
        "@babel/parser": "^7.29.2",
        "@jridgewell/remapping": "^2.3.5",
        "@jridgewell/trace-mapping": "^0.3.31",
        "@polka/compression": "^1.0.0-next.25",
        "@rollup/plugin-alias": "^6.0.0",
        "@rollup/plugin-dynamic-import-vars": "2.1.4",
        "@rollup/pluginutils": "^5.3.0",
        "@types/escape-html": "^1.0.4",
        "@types/pnpapi": "^0.0.5",
        "@vercel/detect-agent": "^1.2.1",
        "@vitejs/devtools": "^0.1.5",
        "@vitest/utils": "4.1.0",
        "artichokie": "^0.4.2",
        "baseline-browser-mapping": "^2.10.10",
        "cac": "^7.0.0",
        "chokidar": "^3.6.0",
        "connect": "^3.7.0",
        "convert-source-map": "^2.0.0",
        "cors": "^2.8.6",
        "cross-spawn": "^7.0.6",
        "dotenv-expand": "^12.0.3",
        "es-module-lexer": "^1.7.0",
        "esbuild": "^0.27.4",
        "escape-html": "^1.0.3",
        "estree-walker": "^3.0.3",
        "etag": "^1.8.1",
        "host-validation-middleware": "^0.1.2",
        "http-proxy-3": "^1.23.2",
        "launch-editor-middleware": "^2.13.2",
        "magic-string": "^0.30.21",
        "mlly": "^1.8.2",
        "mrmime": "^2.0.1",
        "nanoid": "^5.1.7",
        "obug": "^1.0.2",
        "open": "^10.2.0",
        "parse5": "^8.0.0",
        "pathe": "^2.0.3",
        "periscopic": "^4.0.2",
        "picocolors": "^1.1.1",
        "postcss-import": "^16.1.1",
        "postcss-load-config": "^6.0.1",
        "postcss-modules": "^6.0.1",
        "premove": "^4.0.0",
        "resolve.exports": "^2.0.3",
        "rolldown-plugin-dts": "^0.22.5",
        "rollup": "^4.59.0",
        "rollup-plugin-license": "^3.7.0",
        "sass": "^1.98.0",
        "sass-embedded": "^1.98.0",
        "sirv": "^3.0.2",
        "strip-literal": "^3.1.0",
        "terser": "^5.46.1",
        "ufo": "^1.6.3",
        "ws": "^8.20.0"
      },
      "engines": {
        "node": "^20.19.0 || >=22.12.0"
      },
      "funding": {
        "url": "https://github.com/vitejs/vite?sponsor=1"
      },
      "optionalDependencies": {
        "fsevents": "~2.3.3"
      },
      "peerDependencies": {
        "@types/node": "^20.19.0 || >=22.12.0",
        "@vitejs/devtools": "^0.1.0",
        "esbuild": "^0.27.0",
        "jiti": ">=1.21.0",
        "less": "^4.0.0",
        "sass": "^1.70.0",
        "sass-embedded": "^1.70.0",
        "stylus": ">=0.54.8",
        "sugarss": "^5.0.0",
        "terser": "^5.16.0",
        "tsx": "^4.8.1",
        "yaml": "^2.4.2"
      },
      "peerDependenciesMeta": {
        "@types/node": {
          "optional": true
        },
        "@vitejs/devtools": {
          "optional": true
        },
        "esbuild": {
          "optional": true
        },
        "jiti": {
          "optional": true
        },
        "less": {
          "optional": true
        },
        "sass": {
          "optional": true
        },
        "sass-embedded": {
          "optional": true
        },
        "stylus": {
          "optional": true
        },
        "sugarss": {
          "optional": true
        },
        "terser": {
          "optional": true
        },
        "tsx": {
          "optional": true
        },
        "yaml": {
          "optional": true
        }
      }
    },
    "../../node_modules/.pnpm/vitest@4.1.2_@types+node@25_8dcf34b0325e672510965677950efc57/node_modules/vitest": {
      "version": "4.1.2",
      "dev": true,
      "license": "MIT",
      "dependencies": {
        "@vitest/expect": "4.1.2",
        "@vitest/mocker": "4.1.2",
        "@vitest/pretty-format": "4.1.2",
        "@vitest/runner": "4.1.2",
        "@vitest/snapshot": "4.1.2",
        "@vitest/spy": "4.1.2",
        "@vitest/utils": "4.1.2",
        "es-module-lexer": "^2.0.0",
        "expect-type": "^1.3.0",
        "magic-string": "^0.30.21",
        "obug": "^2.1.1",
        "pathe": "^2.0.3",
        "picomatch": "^4.0.3",
        "std-env": "^4.0.0-rc.1",
        "tinybench": "^2.9.0",
        "tinyexec": "^1.0.2",
        "tinyglobby": "^0.2.15",
        "tinyrainbow": "^3.1.0",
        "vite": "^6.0.0 || ^7.0.0 || ^8.0.0",
        "why-is-node-running": "^2.3.0"
      },
      "bin": {
        "vitest": "vitest.mjs"
      },
      "devDependencies": {
        "@antfu/install-pkg": "^1.1.0",
        "@bomb.sh/tab": "^0.0.14",
        "@edge-runtime/vm": "^5.0.0",
        "@jridgewell/trace-mapping": "0.3.31",
        "@opentelemetry/api": "^1.9.0",
        "@sinonjs/fake-timers": "15.0.0",
        "@types/estree": "^1.0.8",
        "@types/istanbul-lib-coverage": "^2.0.6",
        "@types/istanbul-reports": "^3.0.4",
        "@types/jsdom": "^27.0.0",
        "@types/node": "^24.12.0",
        "@types/picomatch": "^4.0.2",
        "@types/prompts": "^2.4.9",
        "@types/sinonjs__fake-timers": "^15.0.1",
        "acorn": "8.11.3",
        "acorn-walk": "^8.3.5",
        "birpc": "^4.0.0",
        "cac": "^6.7.14",
        "empathic": "^2.0.0",
        "flatted": "^3.4.2",
        "happy-dom": "^20.8.3",
        "jsdom": "^27.4.0",
        "local-pkg": "^1.1.2",
        "mime": "^4.1.0",
        "prompts": "^2.4.2",
        "strip-literal": "^3.1.0",
        "tinyhighlight": "^0.3.2",
        "ws": "^8.19.0"
      },
      "engines": {
        "node": "^20.0.0 || ^22.0.0 || >=24.0.0"
      },
      "funding": {
        "url": "https://opencollective.com/vitest"
      },
      "peerDependencies": {
        "@edge-runtime/vm": "*",
        "@opentelemetry/api": "^1.9.0",
        "@types/node": "^20.0.0 || ^22.0.0 || >=24.0.0",
        "@vitest/browser-playwright": "4.1.2",
        "@vitest/browser-preview": "4.1.2",
        "@vitest/browser-webdriverio": "4.1.2",
        "@vitest/ui": "4.1.2",
        "happy-dom": "*",
        "jsdom": "*",
        "vite": "^6.0.0 || ^7.0.0 || ^8.0.0"
      },
      "peerDependenciesMeta": {
        "@edge-runtime/vm": {
          "optional": true
        },
        "@opentelemetry/api": {
          "optional": true
        },
        "@types/node": {
          "optional": true
        },
        "@vitest/browser-playwright": {
          "optional": true
        },
        "@vitest/browser-preview": {
          "optional": true
        },
        "@vitest/browser-webdriverio": {
          "optional": true
        },
        "@vitest/ui": {
          "optional": true
        },
        "happy-dom": {
          "optional": true
        },
        "jsdom": {
          "optional": true
        },
        "vite": {
          "optional": false
        }
      }
    },
    "../../node_modules/.pnpm/zustand@5.0.12_@types+react_f59f9c7a86a9aa8438ed25a66ca04dad/node_modules/zustand": {
      "version": "5.0.12",
      "dev": true,
      "license": "MIT",
      "engines": {
        "node": ">=12.20.0"
      },
      "peerDependencies": {
        "@types/react": ">=18.0.0",
        "immer": ">=9.0.6",
        "react": ">=18.0.0",
        "use-sync-external-store": ">=1.2.0"
      },
      "peerDependenciesMeta": {
        "@types/react": {
          "optional": true
        },
        "immer": {
          "optional": true
        },
        "react": {
          "optional": true
        },
        "use-sync-external-store": {
          "optional": true
        }
      }
    },
    "../react": {
      "name": "@modular-react/react",
      "version": "1.1.0",
      "dev": true,
      "devDependencies": {
        "@modular-react/core": "^1.0.1",
        "@testing-library/react": "^16.0.0",
        "@types/react": "^19.0.0",
        "@types/react-dom": "^19.0.0",
        "happy-dom": "^18.0.0",
        "oxfmt": "^0.43.0",
        "oxlint": "^1.58.0",
        "react": "^19.0.0",
        "react-dom": "^19.0.0",
        "typescript": "^6.0.2",
        "vite": "^8.0.3",
        "vite-plugin-dts": "^4.5.0",
        "vitest": "^4.1.0"
      },
      "peerDependencies": {
        "@modular-react/core": "^1.0.1",
        "react": "^19.0.0",
        "react-dom": "^19.0.0"
      }
    },
    "../react/node_modules/@modular-react/core": {
      "resolved": "../../node_modules/.pnpm/@modular-react+core@1.0.2_@types+react@19.2.14/node_modules/@modular-react/core",
      "link": true
    },
    "../react/node_modules/@testing-library/react": {
      "resolved": "../../node_modules/.pnpm/@testing-library+react@16.3_893f466751a7d66081fd06e9edb9241a/node_modules/@testing-library/react",
      "link": true
    },
    "../react/node_modules/@types/react": {
      "resolved": "../../node_modules/.pnpm/@types+react@19.2.14/node_modules/@types/react",
      "link": true
    },
    "../react/node_modules/@types/react-dom": {
      "resolved": "../../node_modules/.pnpm/@types+react-dom@19.2.3_@types+react@19.2.14/node_modules/@types/react-dom",
      "link": true
    },
    "../react/node_modules/happy-dom": {
      "resolved": "../../node_modules/.pnpm/happy-dom@18.0.1/node_modules/happy-dom",
      "link": true
    },
    "../react/node_modules/oxfmt": {
      "resolved": "../../node_modules/.pnpm/oxfmt@0.43.0/node_modules/oxfmt",
      "link": true
    },
    "../react/node_modules/oxlint": {
      "resolved": "../../node_modules/.pnpm/oxlint@1.58.0/node_modules/oxlint",
      "link": true
    },
    "../react/node_modules/react": {
      "resolved": "../../node_modules/.pnpm/react@19.2.4/node_modules/react",
      "link": true
    },
    "../react/node_modules/react-dom": {
      "resolved": "../../node_modules/.pnpm/react-dom@19.2.4_react@19.2.4/node_modules/react-dom",
      "link": true
    },
    "../react/node_modules/typescript": {
      "resolved": "../../node_modules/.pnpm/typescript@6.0.2/node_modules/typescript",
      "link": true
    },
    "../react/node_modules/vite": {
      "resolved": "../../node_modules/.pnpm/vite@8.0.3_@emnapi+core@1.9_1dfb3ba2f1dd8efade3e22b31fa4dc15/node_modules/vite",
      "link": true
    },
    "../react/node_modules/vite-plugin-dts": {
      "resolved": "../../node_modules/.pnpm/vite-plugin-dts@4.5.4_@type_a435cd1a6fb552eb8fb9519d399bdf81/node_modules/vite-plugin-dts",
      "link": true
    },
    "../react/node_modules/vitest": {
      "resolved": "../../node_modules/.pnpm/vitest@4.1.2_@types+node@25_8dcf34b0325e672510965677950efc57/node_modules/vitest",
      "link": true
    },
    "node_modules/@babel/code-frame": {
      "version": "7.29.0",
      "resolved": "https://registry.npmjs.org/@babel/code-frame/-/code-frame-7.29.0.tgz",
      "integrity": "sha512-9NhCeYjq9+3uxgdtp20LSiJXJvN0FeCtNGpJxuMFZ1Kv3cWUNb6DOhJwUvcVCzKGR66cw4njwM6hrJLqgOwbcw==",
      "dev": true,
      "license": "MIT",
      "dependencies": {
        "@babel/helper-validator-identifier": "^7.28.5",
        "js-tokens": "^4.0.0",
        "picocolors": "^1.1.1"
      },
      "engines": {
        "node": ">=6.9.0"
      }
    },
    "node_modules/@babel/helper-validator-identifier": {
      "version": "7.28.5",
      "resolved": "https://registry.npmjs.org/@babel/helper-validator-identifier/-/helper-validator-identifier-7.28.5.tgz",
      "integrity": "sha512-qSs4ifwzKJSV39ucNjsvc6WVHs6b7S03sOh2OcHF9UHfVPqWWALUsNUVzhSBiItjRZoLHx7nIarVjqKVusUZ1Q==",
      "dev": true,
      "license": "MIT",
      "engines": {
        "node": ">=6.9.0"
      }
    },
    "node_modules/@babel/runtime": {
      "version": "7.29.2",
      "resolved": "https://registry.npmjs.org/@babel/runtime/-/runtime-7.29.2.tgz",
      "integrity": "sha512-JiDShH45zKHWyGe4ZNVRrCjBz8Nh9TMmZG1kh4QTK8hCBTWBi8Da+i7s1fJw7/lYpM4ccepSNfqzZ/QvABBi5g==",
      "dev": true,
      "license": "MIT",
      "engines": {
        "node": ">=6.9.0"
      }
    },
    "node_modules/@modular-react/core": {
      "resolved": "../../node_modules/.pnpm/@modular-react+core@1.0.2_@types+react@19.2.14/node_modules/@modular-react/core",
      "link": true
    },
    "node_modules/@modular-react/react": {
      "resolved": "../react",
      "link": true
    },
    "node_modules/@react-router-modules/core": {
      "resolved": "../../node_modules/.pnpm/@react-router-modules+core@_349e8a126a42c189775b3af61f53fcdb/node_modules/@react-router-modules/core",
      "link": true
    },
    "node_modules/@testing-library/dom": {
      "version": "10.4.1",
      "resolved": "https://registry.npmjs.org/@testing-library/dom/-/dom-10.4.1.tgz",
      "integrity": "sha512-o4PXJQidqJl82ckFaXUeoAW+XysPLauYI43Abki5hABd853iMhitooc6znOnczgbTYmEP6U6/y1ZyKAIsvMKGg==",
      "dev": true,
      "license": "MIT",
      "peer": true,
      "dependencies": {
        "@babel/code-frame": "^7.10.4",
        "@babel/runtime": "^7.12.5",
        "@types/aria-query": "^5.0.1",
        "aria-query": "5.3.0",
        "dom-accessibility-api": "^0.5.9",
        "lz-string": "^1.5.0",
        "picocolors": "1.1.1",
        "pretty-format": "^27.0.2"
      },
      "engines": {
        "node": ">=18"
      }
    },
    "node_modules/@testing-library/react": {
      "version": "16.3.2",
      "resolved": "https://registry.npmjs.org/@testing-library/react/-/react-16.3.2.tgz",
      "integrity": "sha512-XU5/SytQM+ykqMnAnvB2umaJNIOsLF3PVv//1Ew4CTcpz0/BRyy/af40qqrt7SjKpDdT1saBMc42CUok5gaw+g==",
      "dev": true,
      "license": "MIT",
      "dependencies": {
        "@babel/runtime": "^7.12.5"
      },
      "engines": {
        "node": ">=18"
      },
      "peerDependencies": {
        "@testing-library/dom": "^10.0.0",
        "@types/react": "^18.0.0 || ^19.0.0",
        "@types/react-dom": "^18.0.0 || ^19.0.0",
        "react": "^18.0.0 || ^19.0.0",
        "react-dom": "^18.0.0 || ^19.0.0"
      },
      "peerDependenciesMeta": {
        "@types/react": {
          "optional": true
        },
        "@types/react-dom": {
          "optional": true
        }
      }
    },
    "node_modules/@types/aria-query": {
      "version": "5.0.4",
      "resolved": "https://registry.npmjs.org/@types/aria-query/-/aria-query-5.0.4.tgz",
      "integrity": "sha512-rfT93uj5s0PRL7EzccGMs3brplhcrghnDoV26NqKhCAS1hVo+WdNsPvE/yb6ilfr5hi2MEk6d5EWJTKdxg8jVw==",
      "dev": true,
      "license": "MIT"
    },
    "node_modules/@types/node": {
      "version": "20.19.39",
      "resolved": "https://registry.npmjs.org/@types/node/-/node-20.19.39.tgz",
      "integrity": "sha512-orrrD74MBUyK8jOAD/r0+lfa1I2MO6I+vAkmAWzMYbCcgrN4lCrmK52gRFQq/JRxfYPfonkr4b0jcY7Olqdqbw==",
      "dev": true,
      "license": "MIT",
      "dependencies": {
        "undici-types": "~6.21.0"
      }
    },
    "node_modules/@types/react": {
      "resolved": "../../node_modules/.pnpm/@types+react@19.2.14/node_modules/@types/react",
      "link": true
    },
    "node_modules/@types/react-dom": {
      "resolved": "../../node_modules/.pnpm/@types+react-dom@19.2.3_@types+react@19.2.14/node_modules/@types/react-dom",
      "link": true
    },
    "node_modules/@types/whatwg-mimetype": {
      "version": "3.0.2",
      "resolved": "https://registry.npmjs.org/@types/whatwg-mimetype/-/whatwg-mimetype-3.0.2.tgz",
      "integrity": "sha512-c2AKvDT8ToxLIOUlN51gTiHXflsfIFisS4pO7pDPoKouJCESkhZnEy623gwP9laCy5lnLDAw1vAzu2vM2YLOrA==",
      "dev": true,
      "license": "MIT"
    },
    "node_modules/ansi-regex": {
      "version": "5.0.1",
      "resolved": "https://registry.npmjs.org/ansi-regex/-/ansi-regex-5.0.1.tgz",
      "integrity": "sha512-quJQXlTSUGL2LH9SUXo8VwsY4soanhgo6LNSm84E1LBcE8s3O0wpdiRzyR9z/ZZJMlMWv37qOOb9pdJlMUEKFQ==",
      "dev": true,
      "license": "MIT",
      "engines": {
        "node": ">=8"
      }
    },
    "node_modules/ansi-styles": {
      "version": "5.2.0",
      "resolved": "https://registry.npmjs.org/ansi-styles/-/ansi-styles-5.2.0.tgz",
      "integrity": "sha512-Cxwpt2SfTzTtXcfOlzGEee8O+c+MmUgGrNiBcXnuWxuFJHe6a5Hz7qwhwe5OgaSYI0IJvkLqWX1ASG+cJOkEiA==",
      "dev": true,
      "license": "MIT",
      "engines": {
        "node": ">=10"
      },
      "funding": {
        "url": "https://github.com/chalk/ansi-styles?sponsor=1"
      }
    },
    "node_modules/aria-query": {
      "version": "5.3.0",
      "resolved": "https://registry.npmjs.org/aria-query/-/aria-query-5.3.0.tgz",
      "integrity": "sha512-b0P0sZPKtyu8HkeRAfCq0IfURZK+SuwMjY1UXGBU27wpAiTwQAIlq56IbIO+ytk/JjS1fMR14ee5WBBfKi5J6A==",
      "dev": true,
      "license": "Apache-2.0",
      "dependencies": {
        "dequal": "^2.0.3"
      }
    },
    "node_modules/dequal": {
      "version": "2.0.3",
      "resolved": "https://registry.npmjs.org/dequal/-/dequal-2.0.3.tgz",
      "integrity": "sha512-0je+qPKHEMohvfRTCEo3CrPG6cAzAYgmzKyxRiYSSDkS6eGJdyVJm7WaYA5ECaAD9wLB2T4EEeymA5aFVcYXCA==",
      "dev": true,
      "license": "MIT",
      "engines": {
        "node": ">=6"
      }
    },
    "node_modules/dom-accessibility-api": {
      "version": "0.5.16",
      "resolved": "https://registry.npmjs.org/dom-accessibility-api/-/dom-accessibility-api-0.5.16.tgz",
      "integrity": "sha512-X7BJ2yElsnOJ30pZF4uIIDfBEVgF4XEBxL9Bxhy6dnrm5hkzqmsWHGTiHqRiITNhMyFLyAiWndIJP7Z1NTteDg==",
      "dev": true,
      "license": "MIT"
    },
    "node_modules/happy-dom": {
      "version": "18.0.1",
      "resolved": "https://registry.npmjs.org/happy-dom/-/happy-dom-18.0.1.tgz",
      "integrity": "sha512-qn+rKOW7KWpVTtgIUi6RVmTBZJSe2k0Db0vh1f7CWrWclkkc7/Q+FrOfkZIb2eiErLyqu5AXEzE7XthO9JVxRA==",
      "dev": true,
      "license": "MIT",
      "dependencies": {
        "@types/node": "^20.0.0",
        "@types/whatwg-mimetype": "^3.0.2",
        "whatwg-mimetype": "^3.0.0"
      },
      "engines": {
        "node": ">=20.0.0"
      }
    },
    "node_modules/js-tokens": {
      "version": "4.0.0",
      "resolved": "https://registry.npmjs.org/js-tokens/-/js-tokens-4.0.0.tgz",
      "integrity": "sha512-RdJUflcE3cUzKiMqQgsCu06FPu9UdIJO0beYbPhHN4k6apgJtifcoCtT9bcxOpYBtpD2kCM6Sbzg4CausW/PKQ==",
      "dev": true,
      "license": "MIT"
    },
    "node_modules/lz-string": {
      "version": "1.5.0",
      "resolved": "https://registry.npmjs.org/lz-string/-/lz-string-1.5.0.tgz",
      "integrity": "sha512-h5bgJWpxJNswbU7qCrV0tIKQCaS3blPDrqKWx+QxzuzL1zGUzij9XCWLrSLsJPu5t+eWA/ycetzYAO5IOMcWAQ==",
      "dev": true,
      "license": "MIT",
      "bin": {
        "lz-string": "bin/bin.js"
      }
    },
    "node_modules/picocolors": {
      "version": "1.1.1",
      "resolved": "https://registry.npmjs.org/picocolors/-/picocolors-1.1.1.tgz",
      "integrity": "sha512-xceH2snhtb5M9liqDsmEw56le376mTZkEX/jEb/RxNFyegNul7eNslCXP9FDj/Lcu0X8KEyMceP2ntpaHrDEVA==",
      "dev": true,
      "license": "ISC"
    },
    "node_modules/pretty-format": {
      "version": "27.5.1",
      "resolved": "https://registry.npmjs.org/pretty-format/-/pretty-format-27.5.1.tgz",
      "integrity": "sha512-Qb1gy5OrP5+zDf2Bvnzdl3jsTf1qXVMazbvCoKhtKqVs4/YK4ozX4gKQJJVyNe+cajNPn0KoC0MC3FUmaHWEmQ==",
      "dev": true,
      "license": "MIT",
      "dependencies": {
        "ansi-regex": "^5.0.1",
        "ansi-styles": "^5.0.0",
        "react-is": "^17.0.1"
      },
      "engines": {
        "node": "^10.13.0 || ^12.13.0 || ^14.15.0 || >=15.0.0"
      }
    },
    "node_modules/react": {
      "resolved": "../../node_modules/.pnpm/react@19.2.4/node_modules/react",
      "link": true
    },
    "node_modules/react-dom": {
      "resolved": "../../node_modules/.pnpm/react-dom@19.2.4_react@19.2.4/node_modules/react-dom",
      "link": true
    },
    "node_modules/react-is": {
      "version": "17.0.2",
      "resolved": "https://registry.npmjs.org/react-is/-/react-is-17.0.2.tgz",
      "integrity": "sha512-w2GsyukL62IJnlaff/nRegPQR94C/XXamvMWmSHRJ4y7Ts/4ocGRmTHvOs8PSE6pB3dWOrD/nueuU5sduBsQ4w==",
      "dev": true,
      "license": "MIT"
    },
    "node_modules/react-router": {
      "resolved": "../../node_modules/.pnpm/react-router@7.14.0_react-d_a34f6db480c681a06c552b25edc3edee/node_modules/react-router",
      "link": true
    },
    "node_modules/typescript": {
      "resolved": "../../node_modules/.pnpm/typescript@6.0.2/node_modules/typescript",
      "link": true
    },
    "node_modules/undici-types": {
      "version": "6.21.0",
      "resolved": "https://registry.npmjs.org/undici-types/-/undici-types-6.21.0.tgz",
      "integrity": "sha512-iwDZqg0QAGrg9Rav5H4n0M64c3mkR59cJ6wQp+7C4nI0gsmExaedaYLNO44eT4AtBBwjbTiGPMlt2Md0T9H9JQ==",
      "dev": true,
      "license": "MIT"
    },
    "node_modules/vite": {
      "resolved": "../../node_modules/.pnpm/vite@8.0.3_@emnapi+core@1.9_1dfb3ba2f1dd8efade3e22b31fa4dc15/node_modules/vite",
      "link": true
    },
    "node_modules/vite-plugin-dts": {
      "resolved": "../../node_modules/.pnpm/vite-plugin-dts@4.5.4_@type_a435cd1a6fb552eb8fb9519d399bdf81/node_modules/vite-plugin-dts",
      "link": true
    },
    "node_modules/vitest": {
      "resolved": "../../node_modules/.pnpm/vitest@4.1.2_@types+node@25_8dcf34b0325e672510965677950efc57/node_modules/vitest",
      "link": true
    },
    "node_modules/whatwg-mimetype": {
      "version": "3.0.0",
      "resolved": "https://registry.npmjs.org/whatwg-mimetype/-/whatwg-mimetype-3.0.0.tgz",
      "integrity": "sha512-nt+N2dzIutVRxARx1nghPKGv1xHikU7HKdfafKkLNLindmPU/ch3U31NOCGGA/dmPcmb1VlofO0vnKAcsm0o/Q==",
      "dev": true,
      "license": "MIT",
      "engines": {
        "node": ">=12"
      }
    },
    "node_modules/zustand": {
      "resolved": "../../node_modules/.pnpm/zustand@5.0.12_@types+react_f59f9c7a86a9aa8438ed25a66ca04dad/node_modules/zustand",
      "link": true
    }
  }
}
